// !$*UTF8*$!
{
	archiveVersion = 1;
	classes = {
	};
	objectVersion = 50;
	objects = {

/* Begin PBXBuildFile section */
		F46D63712088AF2B0095D3D1 /* AppDelegate.swift in Sources */ = {isa = PBXBuildFile; fileRef = F46D63702088AF2B0095D3D1 /* AppDelegate.swift */; };
		F46D63732088AF2B0095D3D1 /* LoadingViewController.swift in Sources */ = {isa = PBXBuildFile; fileRef = F46D63722088AF2B0095D3D1 /* LoadingViewController.swift */; };
		F46D63762088AF2B0095D3D1 /* Main.storyboard in Resources */ = {isa = PBXBuildFile; fileRef = F46D63742088AF2B0095D3D1 /* Main.storyboard */; };
		F46D63782088AF2C0095D3D1 /* Assets.xcassets in Resources */ = {isa = PBXBuildFile; fileRef = F46D63772088AF2C0095D3D1 /* Assets.xcassets */; };
		F46D637B2088AF2C0095D3D1 /* LaunchScreen.storyboard in Resources */ = {isa = PBXBuildFile; fileRef = F46D63792088AF2C0095D3D1 /* LaunchScreen.storyboard */; };
		F46D63842088AFA20095D3D1 /* LoaderViewController.swift in Sources */ = {isa = PBXBuildFile; fileRef = F46D63832088AFA20095D3D1 /* LoaderViewController.swift */; };
		F46D63872088B5CF0095D3D1 /* ViewControllerExtension.swift in Sources */ = {isa = PBXBuildFile; fileRef = F46D63862088B5CF0095D3D1 /* ViewControllerExtension.swift */; };
		F4ABFE872091F83A00635312 /* HomeViewController.swift in Sources */ = {isa = PBXBuildFile; fileRef = F4ABFE862091F83A00635312 /* HomeViewController.swift */; };
		F4ABFE8C2091FBCC00635312 /* RoundedBlueButton.swift in Sources */ = {isa = PBXBuildFile; fileRef = F4ABFE8B2091FBCC00635312 /* RoundedBlueButton.swift */; };
		F4ABFE8E2091FF2100635312 /* GradientView.swift in Sources */ = {isa = PBXBuildFile; fileRef = F4ABFE8D2091FF2100635312 /* GradientView.swift */; };
/* End PBXBuildFile section */

/* Begin PBXFileReference section */
		F46D636D2088AF2B0095D3D1 /* SwiftSample.app */ = {isa = PBXFileReference; explicitFileType = wrapper.application; includeInIndex = 0; path = SwiftSample.app; sourceTree = BUILT_PRODUCTS_DIR; };
		F46D63702088AF2B0095D3D1 /* AppDelegate.swift */ = {isa = PBXFileReference; lastKnownFileType = sourcecode.swift; path = AppDelegate.swift; sourceTree = "<group>"; };
		F46D63722088AF2B0095D3D1 /* LoadingViewController.swift */ = {isa = PBXFileReference; lastKnownFileType = sourcecode.swift; path = LoadingViewController.swift; sourceTree = "<group>"; };
		F46D63752088AF2B0095D3D1 /* Base */ = {isa = PBXFileReference; lastKnownFileType = file.storyboard; name = Base; path = Base.lproj/Main.storyboard; sourceTree = "<group>"; };
		F46D63772088AF2C0095D3D1 /* Assets.xcassets */ = {isa = PBXFileReference; lastKnownFileType = folder.assetcatalog; path = Assets.xcassets; sourceTree = "<group>"; };
		F46D637A2088AF2C0095D3D1 /* Base */ = {isa = PBXFileReference; lastKnownFileType = file.storyboard; name = Base; path = Base.lproj/LaunchScreen.storyboard; sourceTree = "<group>"; };
		F46D637C2088AF2C0095D3D1 /* Info.plist */ = {isa = PBXFileReference; lastKnownFileType = text.plist.xml; path = Info.plist; sourceTree = "<group>"; };
		F46D63832088AFA20095D3D1 /* LoaderViewController.swift */ = {isa = PBXFileReference; lastKnownFileType = sourcecode.swift; path = LoaderViewController.swift; sourceTree = "<group>"; };
		F46D63862088B5CF0095D3D1 /* ViewControllerExtension.swift */ = {isa = PBXFileReference; lastKnownFileType = sourcecode.swift; path = ViewControllerExtension.swift; sourceTree = "<group>"; };
		F4ABFE862091F83A00635312 /* HomeViewController.swift */ = {isa = PBXFileReference; lastKnownFileType = sourcecode.swift; path = HomeViewController.swift; sourceTree = "<group>"; };
		F4ABFE8B2091FBCC00635312 /* RoundedBlueButton.swift */ = {isa = PBXFileReference; lastKnownFileType = sourcecode.swift; path = RoundedBlueButton.swift; sourceTree = "<group>"; };
		F4ABFE8D2091FF2100635312 /* GradientView.swift */ = {isa = PBXFileReference; lastKnownFileType = sourcecode.swift; path = GradientView.swift; sourceTree = "<group>"; };
/* End PBXFileReference section */

/* Begin PBXFrameworksBuildPhase section */
		F46D636A2088AF2B0095D3D1 /* Frameworks */ = {
			isa = PBXFrameworksBuildPhase;
			buildActionMask = 2147483647;
			files = (
			);
			runOnlyForDeploymentPostprocessing = 0;
		};
/* End PBXFrameworksBuildPhase section */

/* Begin PBXGroup section */
		F46D63642088AF2B0095D3D1 = {
			isa = PBXGroup;
			children = (
				F46D636F2088AF2B0095D3D1 /* SwiftSample */,
				F46D636E2088AF2B0095D3D1 /* Products */,
			);
			sourceTree = "<group>";
		};
		F46D636E2088AF2B0095D3D1 /* Products */ = {
			isa = PBXGroup;
			children = (
				F46D636D2088AF2B0095D3D1 /* SwiftSample.app */,
			);
			name = Products;
			sourceTree = "<group>";
		};
		F46D636F2088AF2B0095D3D1 /* SwiftSample */ = {
			isa = PBXGroup;
			children = (
				F4ABFE882091F8A500635312 /* Modules */,
				F46D63852088B5820095D3D1 /* Extension */,
				F46D63822088AF940095D3D1 /* LoadderViewController */,
				F4ABFE8A2091FA7300635312 /* IBDesignables */,
				F46D63702088AF2B0095D3D1 /* AppDelegate.swift */,
				F4ABFE862091F83A00635312 /* HomeViewController.swift */,
				F46D63742088AF2B0095D3D1 /* Main.storyboard */,
				F46D63772088AF2C0095D3D1 /* Assets.xcassets */,
				F46D63792088AF2C0095D3D1 /* LaunchScreen.storyboard */,
				F46D637C2088AF2C0095D3D1 /* Info.plist */,
			);
			path = SwiftSample;
			sourceTree = "<group>";
		};
		F46D63822088AF940095D3D1 /* LoadderViewController */ = {
			isa = PBXGroup;
			children = (
				F46D63832088AFA20095D3D1 /* LoaderViewController.swift */,
			);
			path = LoadderViewController;
			sourceTree = "<group>";
		};
		F46D63852088B5820095D3D1 /* Extension */ = {
			isa = PBXGroup;
			children = (
				F46D63862088B5CF0095D3D1 /* ViewControllerExtension.swift */,
			);
			path = Extension;
			sourceTree = "<group>";
		};
		F4ABFE882091F8A500635312 /* Modules */ = {
			isa = PBXGroup;
			children = (
				F4ABFE892091F94900635312 /* LoadingSample */,
			);
			path = Modules;
			sourceTree = "<group>";
		};
		F4ABFE892091F94900635312 /* LoadingSample */ = {
			isa = PBXGroup;
			children = (
				F46D63722088AF2B0095D3D1 /* LoadingViewController.swift */,
			);
			path = LoadingSample;
			sourceTree = "<group>";
		};
		F4ABFE8A2091FA7300635312 /* IBDesignables */ = {
			isa = PBXGroup;
			children = (
				F4ABFE8B2091FBCC00635312 /* RoundedBlueButton.swift */,
				F4ABFE8D2091FF2100635312 /* GradientView.swift */,
			);
			path = IBDesignables;
			sourceTree = "<group>";
		};
/* End PBXGroup section */

/* Begin PBXNativeTarget section */
		F46D636C2088AF2B0095D3D1 /* SwiftSample */ = {
			isa = PBXNativeTarget;
			buildConfigurationList = F46D637F2088AF2C0095D3D1 /* Build configuration list for PBXNativeTarget "SwiftSample" */;
			buildPhases = (
				F46D63692088AF2B0095D3D1 /* Sources */,
				F46D636A2088AF2B0095D3D1 /* Frameworks */,
				F46D636B2088AF2B0095D3D1 /* Resources */,
			);
			buildRules = (
			);
			dependencies = (
			);
			name = SwiftSample;
			productName = SwiftSample;
			productReference = F46D636D2088AF2B0095D3D1 /* SwiftSample.app */;
			productType = "com.apple.product-type.application";
		};
/* End PBXNativeTarget section */

/* Begin PBXProject section */
		F46D63652088AF2B0095D3D1 /* Project object */ = {
			isa = PBXProject;
			attributes = {
				LastSwiftUpdateCheck = 0930;
				LastUpgradeCheck = 0930;
				ORGANIZATIONNAME = "Stant 02";
				TargetAttributes = {
					F46D636C2088AF2B0095D3D1 = {
						CreatedOnToolsVersion = 9.3;
					};
				};
			};
			buildConfigurationList = F46D63682088AF2B0095D3D1 /* Build configuration list for PBXProject "SwiftSample" */;
			compatibilityVersion = "Xcode 9.3";
			developmentRegion = en;
			hasScannedForEncodings = 0;
			knownRegions = (
				en,
				Base,
			);
			mainGroup = F46D63642088AF2B0095D3D1;
			productRefGroup = F46D636E2088AF2B0095D3D1 /* Products */;
			projectDirPath = "";
			projectRoot = "";
			targets = (
				F46D636C2088AF2B0095D3D1 /* SwiftSample */,
			);
		};
/* End PBXProject section */

/* Begin PBXResourcesBuildPhase section */
		F46D636B2088AF2B0095D3D1 /* Resources */ = {
			isa = PBXResourcesBuildPhase;
			buildActionMask = 2147483647;
			files = (
				F46D637B2088AF2C0095D3D1 /* LaunchScreen.storyboard in Resources */,
				F46D63782088AF2C0095D3D1 /* Assets.xcassets in Resources */,
				F46D63762088AF2B0095D3D1 /* Main.storyboard in Resources */,
			);
			runOnlyForDeploymentPostprocessing = 0;
		};
/* End PBXResourcesBuildPhase section */

/* Begin PBXSourcesBuildPhase section */
		F46D63692088AF2B0095D3D1 /* Sources */ = {
			isa = PBXSourcesBuildPhase;
			buildActionMask = 2147483647;
			files = (
				F4ABFE872091F83A00635312 /* HomeViewController.swift in Sources */,
				F46D63872088B5CF0095D3D1 /* ViewControllerExtension.swift in Sources */,
				F46D63732088AF2B0095D3D1 /* LoadingViewController.swift in Sources */,
				F4ABFE8C2091FBCC00635312 /* RoundedBlueButton.swift in Sources */,
				F4ABFE8E2091FF2100635312 /* GradientView.swift in Sources */,
				F46D63842088AFA20095D3D1 /* LoaderViewController.swift in Sources */,
				F46D63712088AF2B0095D3D1 /* AppDelegate.swift in Sources */,
			);
			runOnlyForDeploymentPostprocessing = 0;
		};
/* End PBXSourcesBuildPhase section */

/* Begin PBXVariantGroup section */
		F46D63742088AF2B0095D3D1 /* Main.storyboard */ = {
			isa = PBXVariantGroup;
			children = (
				F46D63752088AF2B0095D3D1 /* Base */,
			);
			name = Main.storyboard;
			sourceTree = "<group>";
		};
		F46D63792088AF2C0095D3D1 /* LaunchScreen.storyboard */ = {
			isa = PBXVariantGroup;
			children = (
				F46D637A2088AF2C0095D3D1 /* Base */,
			);
			name = LaunchScreen.storyboard;
			sourceTree = "<group>";
		};
/* End PBXVariantGroup section */

/* Begin XCBuildConfiguration section */
		F46D637D2088AF2C0095D3D1 /* Debug */ = {
			isa = XCBuildConfiguration;
			buildSettings = {
				ALWAYS_SEARCH_USER_PATHS = NO;
				CLANG_ANALYZER_NONNULL = YES;
				CLANG_ANALYZER_NUMBER_OBJECT_CONVERSION = YES_AGGRESSIVE;
				CLANG_CXX_LANGUAGE_STANDARD = "gnu++14";
				CLANG_CXX_LIBRARY = "libc++";
				CLANG_ENABLE_MODULES = YES;
				CLANG_ENABLE_OBJC_ARC = YES;
				CLANG_ENABLE_OBJC_WEAK = YES;
				CLANG_WARN_BLOCK_CAPTURE_AUTORELEASING = YES;
				CLANG_WARN_BOOL_CONVERSION = YES;
				CLANG_WARN_COMMA = YES;
				CLANG_WARN_CONSTANT_CONVERSION = YES;
				CLANG_WARN_DEPRECATED_OBJC_IMPLEMENTATIONS = YES;
				CLANG_WARN_DIRECT_OBJC_ISA_USAGE = YES_ERROR;
				CLANG_WARN_DOCUMENTATION_COMMENTS = YES;
				CLANG_WARN_EMPTY_BODY = YES;
				CLANG_WARN_ENUM_CONVERSION = YES;
				CLANG_WARN_INFINITE_RECURSION = YES;
				CLANG_WARN_INT_CONVERSION = YES;
				CLANG_WARN_NON_LITERAL_NULL_CONVERSION = YES;
				CLANG_WARN_OBJC_IMPLICIT_RETAIN_SELF = YES;
				CLANG_WARN_OBJC_LITERAL_CONVERSION = YES;
				CLANG_WARN_OBJC_ROOT_CLASS = YES_ERROR;
				CLANG_WARN_RANGE_LOOP_ANALYSIS = YES;
				CLANG_WARN_STRICT_PROTOTYPES = YES;
				CLANG_WARN_SUSPICIOUS_MOVE = YES;
				CLANG_WARN_UNGUARDED_AVAILABILITY = YES_AGGRESSIVE;
				CLANG_WARN_UNREACHABLE_CODE = YES;
				CLANG_WARN__DUPLICATE_METHOD_MATCH = YES;
				CODE_SIGN_IDENTITY = "iPhone Developer";
				COPY_PHASE_STRIP = NO;
				DEBUG_INFORMATION_FORMAT = dwarf;
				ENABLE_STRICT_OBJC_MSGSEND = YES;
				ENABLE_TESTABILITY = YES;
				GCC_C_LANGUAGE_STANDARD = gnu11;
				GCC_DYNAMIC_NO_PIC = NO;
				GCC_NO_COMMON_BLOCKS = YES;
				GCC_OPTIMIZATION_LEVEL = 0;
				GCC_PREPROCESSOR_DEFINITIONS = (
					"DEBUG=1",
					"$(inherited)",
				);
				GCC_WARN_64_TO_32_BIT_CONVERSION = YES;
				GCC_WARN_ABOUT_RETURN_TYPE = YES_ERROR;
				GCC_WARN_UNDECLARED_SELECTOR = YES;
				GCC_WARN_UNINITIALIZED_AUTOS = YES_AGGRESSIVE;
				GCC_WARN_UNUSED_FUNCTION = YES;
				GCC_WARN_UNUSED_VARIABLE = YES;
				IPHONEOS_DEPLOYMENT_TARGET = 11.3;
				MTL_ENABLE_DEBUG_INFO = YES;
				ONLY_ACTIVE_ARCH = YES;
				SDKROOT = iphoneos;
				SWIFT_ACTIVE_COMPILATION_CONDITIONS = DEBUG;
				SWIFT_OPTIMIZATION_LEVEL = "-Onone";
			};
			name = Debug;
		};
		F46D637E2088AF2C0095D3D1 /* Release */ = {
			isa = XCBuildConfiguration;
			buildSettings = {
				ALWAYS_SEARCH_USER_PATHS = NO;
				CLANG_ANALYZER_NONNULL = YES;
				CLANG_ANALYZER_NUMBER_OBJECT_CONVERSION = YES_AGGRESSIVE;
				CLANG_CXX_LANGUAGE_STANDARD = "gnu++14";
				CLANG_CXX_LIBRARY = "libc++";
				CLANG_ENABLE_MODULES = YES;
				CLANG_ENABLE_OBJC_ARC = YES;
				CLANG_ENABLE_OBJC_WEAK = YES;
				CLANG_WARN_BLOCK_CAPTURE_AUTORELEASING = YES;
				CLANG_WARN_BOOL_CONVERSION = YES;
				CLANG_WARN_COMMA = YES;
				CLANG_WARN_CONSTANT_CONVERSION = YES;
				CLANG_WARN_DEPRECATED_OBJC_IMPLEMENTATIONS = YES;
				CLANG_WARN_DIRECT_OBJC_ISA_USAGE = YES_ERROR;
				CLANG_WARN_DOCUMENTATION_COMMENTS = YES;
				CLANG_WARN_EMPTY_BODY = YES;
				CLANG_WARN_ENUM_CONVERSION = YES;
				CLANG_WARN_INFINITE_RECURSION = YES;
				CLANG_WARN_INT_CONVERSION = YES;
				CLANG_WARN_NON_LITERAL_NULL_CONVERSION = YES;
				CLANG_WARN_OBJC_IMPLICIT_RETAIN_SELF = YES;
				CLANG_WARN_OBJC_LITERAL_CONVERSION = YES;
				CLANG_WARN_OBJC_ROOT_CLASS = YES_ERROR;
				CLANG_WARN_RANGE_LOOP_ANALYSIS = YES;
				CLANG_WARN_STRICT_PROTOTYPES = YES;
				CLANG_WARN_SUSPICIOUS_MOVE = YES;
				CLANG_WARN_UNGUARDED_AVAILABILITY = YES_AGGRESSIVE;
				CLANG_WARN_UNREACHABLE_CODE = YES;
				CLANG_WARN__DUPLICATE_METHOD_MATCH = YES;
				CODE_SIGN_IDENTITY = "iPhone Developer";
				COPY_PHASE_STRIP = NO;
				DEBUG_INFORMATION_FORMAT = "dwarf-with-dsym";
				ENABLE_NS_ASSERTIONS = NO;
				ENABLE_STRICT_OBJC_MSGSEND = YES;
				GCC_C_LANGUAGE_STANDARD = gnu11;
				GCC_NO_COMMON_BLOCKS = YES;
				GCC_WARN_64_TO_32_BIT_CONVERSION = YES;
				GCC_WARN_ABOUT_RETURN_TYPE = YES_ERROR;
				GCC_WARN_UNDECLARED_SELECTOR = YES;
				GCC_WARN_UNINITIALIZED_AUTOS = YES_AGGRESSIVE;
				GCC_WARN_UNUSED_FUNCTION = YES;
				GCC_WARN_UNUSED_VARIABLE = YES;
				IPHONEOS_DEPLOYMENT_TARGET = 11.3;
				MTL_ENABLE_DEBUG_INFO = NO;
				SDKROOT = iphoneos;
				SWIFT_COMPILATION_MODE = wholemodule;
				SWIFT_OPTIMIZATION_LEVEL = "-O";
				VALIDATE_PRODUCT = YES;
			};
			name = Release;
		};
		F46D63802088AF2C0095D3D1 /* Debug */ = {
			isa = XCBuildConfiguration;
			buildSettings = {
				ASSETCATALOG_COMPILER_APPICON_NAME = AppIcon;
				CODE_SIGN_STYLE = Automatic;
				INFOPLIST_FILE = SwiftSample/Info.plist;
				LD_RUNPATH_SEARCH_PATHS = (
					"$(inherited)",
					"@executable_path/Frameworks",
				);
				PRODUCT_BUNDLE_IDENTIFIER = drawingYourSelfIt.SwiftSample;
				PRODUCT_NAME = "$(TARGET_NAME)";
				SWIFT_VERSION = 4.0;
				TARGETED_DEVICE_FAMILY = "1,2";
			};
			name = Debug;
		};
		F46D63812088AF2C0095D3D1 /* Release */ = {
			isa = XCBuildConfiguration;
			buildSettings = {
				ASSETCATALOG_COMPILER_APPICON_NAME = AppIcon;
				CODE_SIGN_STYLE = Automatic;
				INFOPLIST_FILE = SwiftSample/Info.plist;
				LD_RUNPATH_SEARCH_PATHS = (
					"$(inherited)",
					"@executable_path/Frameworks",
				);
				PRODUCT_BUNDLE_IDENTIFIER = drawingYourSelfIt.SwiftSample;
				PRODUCT_NAME = "$(TARGET_NAME)";
				SWIFT_VERSION = 4.0;
				TARGETED_DEVICE_FAMILY = "1,2";
			};
			name = Release;
		};
/* End XCBuildConfiguration section */

/* Begin XCConfigurationList section */
		F46D63682088AF2B0095D3D1 /* Build configuration list for PBXProject "SwiftSample" */ = {
			isa = XCConfigurationList;
			buildConfigurations = (
				F46D637D2088AF2C0095D3D1 /* Debug */,
				F46D637E2088AF2C0095D3D1 /* Release */,
			);
			defaultConfigurationIsVisible = 0;
			defaultConfigurationName = Release;
		};
		F46D637F2088AF2C0095D3D1 /* Build configuration list for PBXNativeTarget "SwiftSample" */ = {
			isa = XCConfigurationList;
			buildConfigurations = (
				F46D63802088AF2C0095D3D1 /* Debug */,
				F46D63812088AF2C0095D3D1 /* Release */,
			);
			defaultConfigurationIsVisible = 0;
			defaultConfigurationName = Release;
		};
/* End XCConfigurationList section */
	};
	rootObject = F46D63652088AF2B0095D3D1 /* Project object */;
}
